
Microsoft Visual Studio Solution File, Format Version 12.00
# Visual Studio Version 17
VisualStudioVersion = 17.4.33205.214
MinimumVisualStudioVersion = 10.0.40219.1
Project("{FAE04EC0-301F-11D3-BF4B-00C04F79EFBC}") = "Autoserves", "Autoserves.csproj", "{935A4BAD-EE67-433B-8ADF-2670B82EB4DA}"
EndProject
Global
	GlobalSection(SolutionConfigurationPlatforms) = preSolution
		Debug|Any CPU = Debug|Any CPU
		Release|Any CPU = Release|Any CPU
	EndGlobalSection
	GlobalSection(ProjectConfigurationPlatforms) = postSolution
		{935A4BAD-EE67-433B-8ADF-2670B82EB4DA}.Debug|Any CPU.ActiveCfg = Debug|Any CPU
		{935A4BAD-EE67-433B-8ADF-2670B82EB4DA}.Debug|Any CPU.Build.0 = Debug|Any CPU
		{935A4BAD-EE67-433B-8ADF-2670B82EB4DA}.Release|Any CPU.ActiveCfg = Release|Any CPU
		{935A4BAD-EE67-433B-8ADF-2670B82EB4DA}.Release|Any CPU.Build.0 = Release|Any CPU
	EndGlobalSection
	GlobalSection(SolutionProperties) = preSolution
		HideSolutionNode = FALSE
	EndGlobalSection
	GlobalSection(ExtensibilityGlobals) = postSolution
		SolutionGuid = {8F6C1ACF-84DA-4F10-8DBE-D7307A07ADBF}
	EndGlobalSection
EndGlobal
